
Microsoft Visual Studio Solution File, Format Version 12.00
# Visual Studio 15
VisualStudioVersion = 15.0.28307.1684
MinimumVisualStudioVersion = 10.0.40219.1
Project("{FAE04EC0-301F-11D3-BF4B-00C04F79EFBC}") = "ExpWebApp", "ExpWebApp\ExpWebApp.csproj", "{2486E55E-3554-4775-9CFE-3C34CAE567D7}"
EndProject
Global
	GlobalSection(SolutionConfigurationPlatforms) = preSolution
		Debug|Any CPU = Debug|Any CPU
		Release|Any CPU = Release|Any CPU
	EndGlobalSection
	GlobalSection(ProjectConfigurationPlatforms) = postSolution
		{2486E55E-3554-4775-9CFE-3C34CAE567D7}.Debug|Any CPU.ActiveCfg = Debug|Any CPU
		{2486E55E-3554-4775-9CFE-3C34CAE567D7}.Debug|Any CPU.Build.0 = Debug|Any CPU
		{2486E55E-3554-4775-9CFE-3C34CAE567D7}.Release|Any CPU.ActiveCfg = Release|Any CPU
		{2486E55E-3554-4775-9CFE-3C34CAE567D7}.Release|Any CPU.Build.0 = Release|Any CPU
	EndGlobalSection
	GlobalSection(SolutionProperties) = preSolution
		HideSolutionNode = FALSE
	EndGlobalSection
	GlobalSection(ExtensibilityGlobals) = postSolution
		SolutionGuid = {D18F7478-655D-44AE-91A4-4A0D444F7D09}
	EndGlobalSection
EndGlobal
